{
  "name": "n8n-showcase",
  "version": "3.0.0",
  "lockfileVersion": 3,
  "requires": true,
  "packages": {
    "": {
      "name": "n8n-showcase",
      "version": "3.0.0",
      "license": "MIT",
      "dependencies": {
        "js-yaml": "^4.1.0"
      },
      "bin": {
        "n8n-showcase-drift": "bin/drift.js",
        "n8n-showcase-lint": "bin/n8n-lint.js"
      },
      "engines": {
        "node": ">=18.0.0"
      }
    },
    "../pinchgrab/node_modules/playwright-core": {
      "version": "1.59.1",
      "extraneous": true,
      "license": "Apache-2.0",
      "bin": {
        "playwright-core": "cli.js"
      },
      "engines": {
        "node": ">=18"
      }
    },
    "node_modules/argparse": {
      "version": "2.0.1",
      "license": "Python-2.0"
    },
    "node_modules/js-yaml": {
      "version": "4.1.1",
      "license": "MIT",
      "dependencies": {
        "argparse": "^2.0.1"
      },
      "bin": {
        "js-yaml": "bin/js-yaml.js"
      }
    }
  }
}
